# THIS IS AN AUTOGENERATED FILE. DO NOT EDIT THIS FILE DIRECTLY.
# yarn lockfile v1


"@types/dom-speech-recognition@*":
  version "0.0.6"
  resolved "https://registry.yarnpkg.com/@types/dom-speech-recognition/-/dom-speech-recognition-0.0.6.tgz#9ea52fb597df08f2a3aceddcee07e9880f99ed71"
  integrity sha512-o7pAVq9UQPJL5RDjO1f/fcpfFHdgiMnR4PoIU2N/ZQrYOS3C5rzdOJMsrpqeBCbii2EE9mERXgqspQqPDdPahw==

"@types/react-speech-recognition@^3.9.6":
  version "3.9.6"
  resolved "https://registry.yarnpkg.com/@types/react-speech-recognition/-/react-speech-recognition-3.9.6.tgz#00749fbbf0dae5750839524f5668c4548e394e5f"
  integrity sha512-cdzwXIZXWyp8zfM2XI7APDW1rZf4Nz73T4SIS2y+cC7zHnZluCdumYKH6HacxgxJH+zemAq2oXbHWXcyW0eT3A==
  dependencies:
    "@types/dom-speech-recognition" "*"

lodash.debounce@^4.0.8:
  version "4.0.8"
  resolved "https://registry.yarnpkg.com/lodash.debounce/-/lodash.debounce-4.0.8.tgz#82d79bff30a67c4005ffd5e2515300ad9ca4d7af"
  integrity sha512-FT1yDzDYEoYWhnSGnpE/4Kj1fLZkDFyqRb7fNt6FdYOSxlUWAtp42Eh6Wb0rGIv/m9Bgo7x4GhQbm5Ys4SG5ow==

react-speech-recognition@^4.0.1:
  version "4.0.1"
  resolved "https://registry.yarnpkg.com/react-speech-recognition/-/react-speech-recognition-4.0.1.tgz#30eaccef338fc8f42a80e80a07670046ee28feab"
  integrity sha512-0fIqzLtfY8vuYA6AmJVK7qiabZx0oFKOO+rbiBgFI3COWVGREy0A+gdU16hWXmFebeyrI8JsOLYsWk6WaHUXRw==
  dependencies:
    lodash.debounce "^4.0.8"
